{
    "name": "react-component-gen-cli",
    "version": "1.0.1",
    "lockfileVersion": 3,
    "requires": true,
    "packages": {
        "": {
            "name": "react-component-gen-cli",
            "version": "1.0.0",
            "license": "MIT",
            "bin": {
                "recomp": "bin/recomp.js"
            }
        }
    }
}
